// !$*UTF8*$!
{
	archiveVersion = 1;
	classes = {
	};
	objectVersion = 56;
	objects = {

/* Begin PBXBuildFile section */
		780F5DA92CB02E1300DB59DC /* PetDetailsViewController.swift in Sources */ = {isa = PBXBuildFile; fileRef = 780F5DA82CB02E1300DB59DC /* PetDetailsViewController.swift */; };
		780F5DAC2CB0465C00DB59DC /* ProfileViewController.swift in Sources */ = {isa = PBXBuildFile; fileRef = 780F5DAB2CB0465C00DB59DC /* ProfileViewController.swift */; };
		784BFE5D2C99D7FA007ABDCA /* SettingsTableViewCell.swift in Sources */ = {isa = PBXBuildFile; fileRef = 784BFE5C2C99D7FA007ABDCA /* SettingsTableViewCell.swift */; };
		784BFE602C99DA21007ABDCA /* Category.swift in Sources */ = {isa = PBXBuildFile; fileRef = 784BFE5F2C99DA21007ABDCA /* Category.swift */; };
		784F85A02CBFCF2200407E64 /* GoogleService-Info.plist in Resources */ = {isa = PBXBuildFile; fileRef = 784F859F2CBFCF2200407E64 /* GoogleService-Info.plist */; };
		784F85A32CBFD0D900407E64 /* FirebaseAnalytics in Frameworks */ = {isa = PBXBuildFile; productRef = 784F85A22CBFD0D900407E64 /* FirebaseAnalytics */; };
		784F85A52CBFD0D900407E64 /* FirebaseAnalyticsOnDeviceConversion in Frameworks */ = {isa = PBXBuildFile; productRef = 784F85A42CBFD0D900407E64 /* FirebaseAnalyticsOnDeviceConversion */; };
		784F85A72CBFD0D900407E64 /* FirebaseAnalyticsWithoutAdIdSupport in Frameworks */ = {isa = PBXBuildFile; productRef = 784F85A62CBFD0D900407E64 /* FirebaseAnalyticsWithoutAdIdSupport */; };
		784F85A92CBFD0D900407E64 /* FirebaseAppCheck in Frameworks */ = {isa = PBXBuildFile; productRef = 784F85A82CBFD0D900407E64 /* FirebaseAppCheck */; };
		784F85AB2CBFD0D900407E64 /* FirebaseAppDistribution-Beta in Frameworks */ = {isa = PBXBuildFile; productRef = 784F85AA2CBFD0D900407E64 /* FirebaseAppDistribution-Beta */; };
		784F85AD2CBFD0D900407E64 /* FirebaseAuth in Frameworks */ = {isa = PBXBuildFile; productRef = 784F85AC2CBFD0D900407E64 /* FirebaseAuth */; };
		784F85AF2CBFD0D900407E64 /* FirebaseAuthCombine-Community in Frameworks */ = {isa = PBXBuildFile; productRef = 784F85AE2CBFD0D900407E64 /* FirebaseAuthCombine-Community */; };
		784F85B12CBFD0D900407E64 /* FirebaseCore in Frameworks */ = {isa = PBXBuildFile; productRef = 784F85B02CBFD0D900407E64 /* FirebaseCore */; };
		784F85B32CBFD0D900407E64 /* FirebaseCrashlytics in Frameworks */ = {isa = PBXBuildFile; productRef = 784F85B22CBFD0D900407E64 /* FirebaseCrashlytics */; };
		784F85B52CBFD0D900407E64 /* FirebaseDatabase in Frameworks */ = {isa = PBXBuildFile; productRef = 784F85B42CBFD0D900407E64 /* FirebaseDatabase */; };
		784F85B72CBFD0D900407E64 /* FirebaseDynamicLinks in Frameworks */ = {isa = PBXBuildFile; productRef = 784F85B62CBFD0D900407E64 /* FirebaseDynamicLinks */; };
		784F85B92CBFD0D900407E64 /* FirebaseFirestore in Frameworks */ = {isa = PBXBuildFile; productRef = 784F85B82CBFD0D900407E64 /* FirebaseFirestore */; };
		784F85BB2CBFD0D900407E64 /* FirebaseFirestoreCombine-Community in Frameworks */ = {isa = PBXBuildFile; productRef = 784F85BA2CBFD0D900407E64 /* FirebaseFirestoreCombine-Community */; };
		784F85BD2CBFD0D900407E64 /* FirebaseFunctions in Frameworks */ = {isa = PBXBuildFile; productRef = 784F85BC2CBFD0D900407E64 /* FirebaseFunctions */; };
		784F85BF2CBFD0D900407E64 /* FirebaseFunctionsCombine-Community in Frameworks */ = {isa = PBXBuildFile; productRef = 784F85BE2CBFD0D900407E64 /* FirebaseFunctionsCombine-Community */; };
		784F85C12CBFD0D900407E64 /* FirebaseInAppMessaging-Beta in Frameworks */ = {isa = PBXBuildFile; productRef = 784F85C02CBFD0D900407E64 /* FirebaseInAppMessaging-Beta */; };
		784F85C32CBFD0D900407E64 /* FirebaseInstallations in Frameworks */ = {isa = PBXBuildFile; productRef = 784F85C22CBFD0D900407E64 /* FirebaseInstallations */; };
		784F85C52CBFD0D900407E64 /* FirebaseMLModelDownloader in Frameworks */ = {isa = PBXBuildFile; productRef = 784F85C42CBFD0D900407E64 /* FirebaseMLModelDownloader */; };
		784F85C72CBFD0D900407E64 /* FirebaseMessaging in Frameworks */ = {isa = PBXBuildFile; productRef = 784F85C62CBFD0D900407E64 /* FirebaseMessaging */; };
		784F85C92CBFD0D900407E64 /* FirebasePerformance in Frameworks */ = {isa = PBXBuildFile; productRef = 784F85C82CBFD0D900407E64 /* FirebasePerformance */; };
		784F85CB2CBFD0D900407E64 /* FirebaseRemoteConfig in Frameworks */ = {isa = PBXBuildFile; productRef = 784F85CA2CBFD0D900407E64 /* FirebaseRemoteConfig */; };
		784F85CD2CBFD0D900407E64 /* FirebaseStorage in Frameworks */ = {isa = PBXBuildFile; productRef = 784F85CC2CBFD0D900407E64 /* FirebaseStorage */; };
		784F85CF2CBFD0D900407E64 /* FirebaseStorageCombine-Community in Frameworks */ = {isa = PBXBuildFile; productRef = 784F85CE2CBFD0D900407E64 /* FirebaseStorageCombine-Community */; };
		784F85D12CBFD0D900407E64 /* FirebaseVertexAI-Preview in Frameworks */ = {isa = PBXBuildFile; productRef = 784F85D02CBFD0D900407E64 /* FirebaseVertexAI-Preview */; };
		788D2C5C2CAEEE6300C7FE1A /* SecondContainer.swift in Sources */ = {isa = PBXBuildFile; fileRef = 788D2C5B2CAEEE6300C7FE1A /* SecondContainer.swift */; };
		788D2C5F2CAEF18200C7FE1A /* FirstContainer.swift in Sources */ = {isa = PBXBuildFile; fileRef = 788D2C5E2CAEF18200C7FE1A /* FirstContainer.swift */; };
		788D2C622CAEF2D600C7FE1A /* ThirdContainer.swift in Sources */ = {isa = PBXBuildFile; fileRef = 788D2C612CAEF2D600C7FE1A /* ThirdContainer.swift */; };
		789159F92CAC4D3500EF6D61 /* SecondContainerCards.swift in Sources */ = {isa = PBXBuildFile; fileRef = 789159F82CAC4D3500EF6D61 /* SecondContainerCards.swift */; };
		78EEB8432CC00EF300BCEB3A /* RegisterExtension.swift in Sources */ = {isa = PBXBuildFile; fileRef = 78EEB8422CC00EF300BCEB3A /* RegisterExtension.swift */; };
		78EEB8452CC018D000BCEB3A /* LoginExtension.swift in Sources */ = {isa = PBXBuildFile; fileRef = 78EEB8442CC018D000BCEB3A /* LoginExtension.swift */; };
		78F897CC2CB825EE00066017 /* PetRegisterViewController.swift in Sources */ = {isa = PBXBuildFile; fileRef = 78F897CB2CB825EE00066017 /* PetRegisterViewController.swift */; };
		78F897CF2CB8281100066017 /* ImagePickerController.swift in Sources */ = {isa = PBXBuildFile; fileRef = 78F897CE2CB8281100066017 /* ImagePickerController.swift */; };
		DC022CE42C88A5BA00F64A6A /* LoginViewController.swift in Sources */ = {isa = PBXBuildFile; fileRef = DC022CE32C88A5BA00F64A6A /* LoginViewController.swift */; };
		DC2637F22C8F3C0C004B8EB2 /* FindYourPetViewController.swift in Sources */ = {isa = PBXBuildFile; fileRef = DC2637F12C8F3C0C004B8EB2 /* FindYourPetViewController.swift */; };
		DC2637F42C8F3C24004B8EB2 /* ChatsViewController.swift in Sources */ = {isa = PBXBuildFile; fileRef = DC2637F32C8F3C24004B8EB2 /* ChatsViewController.swift */; };
		DC2637F62C8F3C31004B8EB2 /* FavoritesViewController.swift in Sources */ = {isa = PBXBuildFile; fileRef = DC2637F52C8F3C31004B8EB2 /* FavoritesViewController.swift */; };
		DC2637F82C8F3C3C004B8EB2 /* SettingsViewController.swift in Sources */ = {isa = PBXBuildFile; fileRef = DC2637F72C8F3C3C004B8EB2 /* SettingsViewController.swift */; };
		DC2637FD2C8F46FE004B8EB2 /* FindPetCollectionViewCell.swift in Sources */ = {isa = PBXBuildFile; fileRef = DC2637FC2C8F46FE004B8EB2 /* FindPetCollectionViewCell.swift */; };
		DC2637FF2C8F49A0004B8EB2 /* FindPetsCustomView.swift in Sources */ = {isa = PBXBuildFile; fileRef = DC2637FE2C8F49A0004B8EB2 /* FindPetsCustomView.swift */; };
		DC2638022C8F50AC004B8EB2 /* FavoritesCollectionViewCell.swift in Sources */ = {isa = PBXBuildFile; fileRef = DC2638012C8F50AC004B8EB2 /* FavoritesCollectionViewCell.swift */; };
		DC2638042C8F50C6004B8EB2 /* FavoritesCustomView.swift in Sources */ = {isa = PBXBuildFile; fileRef = DC2638032C8F50C6004B8EB2 /* FavoritesCustomView.swift */; };
		DC57AD8B2C89E65A002470B5 /* RegisterViewController.swift in Sources */ = {isa = PBXBuildFile; fileRef = DC57AD8A2C89E65A002470B5 /* RegisterViewController.swift */; };
		DC57AD8F2C8A04E5002470B5 /* HeaderComponent.swift in Sources */ = {isa = PBXBuildFile; fileRef = DC57AD8E2C8A04E5002470B5 /* HeaderComponent.swift */; };
		DCCC5DC92C91DE28004D8FB0 /* ChatsCollectionViewCell.swift in Sources */ = {isa = PBXBuildFile; fileRef = DCCC5DC82C91DE28004D8FB0 /* ChatsCollectionViewCell.swift */; };
		DCCC5DCB2C91DE4B004D8FB0 /* ChatsCustomView.swift in Sources */ = {isa = PBXBuildFile; fileRef = DCCC5DCA2C91DE4B004D8FB0 /* ChatsCustomView.swift */; };
		DCF06A8B2C860142001A1506 /* AppDelegate.swift in Sources */ = {isa = PBXBuildFile; fileRef = DCF06A8A2C860142001A1506 /* AppDelegate.swift */; };
		DCF06A8D2C860142001A1506 /* SceneDelegate.swift in Sources */ = {isa = PBXBuildFile; fileRef = DCF06A8C2C860142001A1506 /* SceneDelegate.swift */; };
		DCF06A942C860143001A1506 /* Assets.xcassets in Resources */ = {isa = PBXBuildFile; fileRef = DCF06A932C860143001A1506 /* Assets.xcassets */; };
		DCF06A972C860143001A1506 /* LaunchScreen.storyboard in Resources */ = {isa = PBXBuildFile; fileRef = DCF06A952C860143001A1506 /* LaunchScreen.storyboard */; };
		DCF06AA42C860806001A1506 /* HomeViewController.swift in Sources */ = {isa = PBXBuildFile; fileRef = DCF06AA32C860806001A1506 /* HomeViewController.swift */; };
		DCF06AA62C860851001A1506 /* TabBarController.swift in Sources */ = {isa = PBXBuildFile; fileRef = DCF06AA52C860851001A1506 /* TabBarController.swift */; };
/* End PBXBuildFile section */

/* Begin PBXFileReference section */
		780F5DA82CB02E1300DB59DC /* PetDetailsViewController.swift */ = {isa = PBXFileReference; lastKnownFileType = sourcecode.swift; path = PetDetailsViewController.swift; sourceTree = "<group>"; };
		780F5DAB2CB0465C00DB59DC /* ProfileViewController.swift */ = {isa = PBXFileReference; lastKnownFileType = sourcecode.swift; path = ProfileViewController.swift; sourceTree = "<group>"; };
		784BFE5C2C99D7FA007ABDCA /* SettingsTableViewCell.swift */ = {isa = PBXFileReference; lastKnownFileType = sourcecode.swift; path = SettingsTableViewCell.swift; sourceTree = "<group>"; };
		784BFE5F2C99DA21007ABDCA /* Category.swift */ = {isa = PBXFileReference; lastKnownFileType = sourcecode.swift; path = Category.swift; sourceTree = "<group>"; };
		784F859F2CBFCF2200407E64 /* GoogleService-Info.plist */ = {isa = PBXFileReference; fileEncoding = 4; lastKnownFileType = text.plist.xml; name = "GoogleService-Info.plist"; path = "../../../GoogleService-Info.plist"; sourceTree = "<group>"; };
		788D2C5B2CAEEE6300C7FE1A /* SecondContainer.swift */ = {isa = PBXFileReference; lastKnownFileType = sourcecode.swift; path = SecondContainer.swift; sourceTree = "<group>"; };
		788D2C5E2CAEF18200C7FE1A /* FirstContainer.swift */ = {isa = PBXFileReference; lastKnownFileType = sourcecode.swift; path = FirstContainer.swift; sourceTree = "<group>"; };
		788D2C612CAEF2D600C7FE1A /* ThirdContainer.swift */ = {isa = PBXFileReference; lastKnownFileType = sourcecode.swift; path = ThirdContainer.swift; sourceTree = "<group>"; };
		789159F82CAC4D3500EF6D61 /* SecondContainerCards.swift */ = {isa = PBXFileReference; lastKnownFileType = sourcecode.swift; path = SecondContainerCards.swift; sourceTree = "<group>"; };
		78EEB8422CC00EF300BCEB3A /* RegisterExtension.swift */ = {isa = PBXFileReference; lastKnownFileType = sourcecode.swift; path = RegisterExtension.swift; sourceTree = "<group>"; };
		78EEB8442CC018D000BCEB3A /* LoginExtension.swift */ = {isa = PBXFileReference; lastKnownFileType = sourcecode.swift; path = LoginExtension.swift; sourceTree = "<group>"; };
		78F897CB2CB825EE00066017 /* PetRegisterViewController.swift */ = {isa = PBXFileReference; lastKnownFileType = sourcecode.swift; path = PetRegisterViewController.swift; sourceTree = "<group>"; };
		78F897CE2CB8281100066017 /* ImagePickerController.swift */ = {isa = PBXFileReference; lastKnownFileType = sourcecode.swift; path = ImagePickerController.swift; sourceTree = "<group>"; };
		DC022CE32C88A5BA00F64A6A /* LoginViewController.swift */ = {isa = PBXFileReference; lastKnownFileType = sourcecode.swift; path = LoginViewController.swift; sourceTree = "<group>"; };
		DC2637F12C8F3C0C004B8EB2 /* FindYourPetViewController.swift */ = {isa = PBXFileReference; lastKnownFileType = sourcecode.swift; path = FindYourPetViewController.swift; sourceTree = "<group>"; };
		DC2637F32C8F3C24004B8EB2 /* ChatsViewController.swift */ = {isa = PBXFileReference; lastKnownFileType = sourcecode.swift; path = ChatsViewController.swift; sourceTree = "<group>"; };
		DC2637F52C8F3C31004B8EB2 /* FavoritesViewController.swift */ = {isa = PBXFileReference; lastKnownFileType = sourcecode.swift; path = FavoritesViewController.swift; sourceTree = "<group>"; };
		DC2637F72C8F3C3C004B8EB2 /* SettingsViewController.swift */ = {isa = PBXFileReference; lastKnownFileType = sourcecode.swift; path = SettingsViewController.swift; sourceTree = "<group>"; };
		DC2637FC2C8F46FE004B8EB2 /* FindPetCollectionViewCell.swift */ = {isa = PBXFileReference; lastKnownFileType = sourcecode.swift; path = FindPetCollectionViewCell.swift; sourceTree = "<group>"; };
		DC2637FE2C8F49A0004B8EB2 /* FindPetsCustomView.swift */ = {isa = PBXFileReference; lastKnownFileType = sourcecode.swift; path = FindPetsCustomView.swift; sourceTree = "<group>"; };
		DC2638012C8F50AC004B8EB2 /* FavoritesCollectionViewCell.swift */ = {isa = PBXFileReference; lastKnownFileType = sourcecode.swift; path = FavoritesCollectionViewCell.swift; sourceTree = "<group>"; };
		DC2638032C8F50C6004B8EB2 /* FavoritesCustomView.swift */ = {isa = PBXFileReference; lastKnownFileType = sourcecode.swift; path = FavoritesCustomView.swift; sourceTree = "<group>"; };
		DC57AD8A2C89E65A002470B5 /* RegisterViewController.swift */ = {isa = PBXFileReference; lastKnownFileType = sourcecode.swift; path = RegisterViewController.swift; sourceTree = "<group>"; };
		DC57AD8E2C8A04E5002470B5 /* HeaderComponent.swift */ = {isa = PBXFileReference; lastKnownFileType = sourcecode.swift; path = HeaderComponent.swift; sourceTree = "<group>"; };
		DCCC5DC82C91DE28004D8FB0 /* ChatsCollectionViewCell.swift */ = {isa = PBXFileReference; lastKnownFileType = sourcecode.swift; path = ChatsCollectionViewCell.swift; sourceTree = "<group>"; };
		DCCC5DCA2C91DE4B004D8FB0 /* ChatsCustomView.swift */ = {isa = PBXFileReference; lastKnownFileType = sourcecode.swift; path = ChatsCustomView.swift; sourceTree = "<group>"; };
		DCF06A872C860142001A1506 /* ProjetoHelpPets.app */ = {isa = PBXFileReference; explicitFileType = wrapper.application; includeInIndex = 0; path = ProjetoHelpPets.app; sourceTree = BUILT_PRODUCTS_DIR; };
		DCF06A8A2C860142001A1506 /* AppDelegate.swift */ = {isa = PBXFileReference; lastKnownFileType = sourcecode.swift; path = AppDelegate.swift; sourceTree = "<group>"; };
		DCF06A8C2C860142001A1506 /* SceneDelegate.swift */ = {isa = PBXFileReference; lastKnownFileType = sourcecode.swift; path = SceneDelegate.swift; sourceTree = "<group>"; };
		DCF06A932C860143001A1506 /* Assets.xcassets */ = {isa = PBXFileReference; lastKnownFileType = folder.assetcatalog; path = Assets.xcassets; sourceTree = "<group>"; };
		DCF06A962C860143001A1506 /* Base */ = {isa = PBXFileReference; lastKnownFileType = file.storyboard; name = Base; path = Base.lproj/LaunchScreen.storyboard; sourceTree = "<group>"; };
		DCF06A982C860143001A1506 /* Info.plist */ = {isa = PBXFileReference; lastKnownFileType = text.plist.xml; path = Info.plist; sourceTree = "<group>"; };
		DCF06AA32C860806001A1506 /* HomeViewController.swift */ = {isa = PBXFileReference; lastKnownFileType = sourcecode.swift; path = HomeViewController.swift; sourceTree = "<group>"; };
		DCF06AA52C860851001A1506 /* TabBarController.swift */ = {isa = PBXFileReference; lastKnownFileType = sourcecode.swift; path = TabBarController.swift; sourceTree = "<group>"; };
/* End PBXFileReference section */

/* Begin PBXFrameworksBuildPhase section */
		DCF06A842C860142001A1506 /* Frameworks */ = {
			isa = PBXFrameworksBuildPhase;
			buildActionMask = 2147483647;
			files = (
				784F85D12CBFD0D900407E64 /* FirebaseVertexAI-Preview in Frameworks */,
				784F85BB2CBFD0D900407E64 /* FirebaseFirestoreCombine-Community in Frameworks */,
				784F85BD2CBFD0D900407E64 /* FirebaseFunctions in Frameworks */,
				784F85C92CBFD0D900407E64 /* FirebasePerformance in Frameworks */,
				784F85CF2CBFD0D900407E64 /* FirebaseStorageCombine-Community in Frameworks */,
				784F85CB2CBFD0D900407E64 /* FirebaseRemoteConfig in Frameworks */,
				784F85B52CBFD0D900407E64 /* FirebaseDatabase in Frameworks */,
				784F85B72CBFD0D900407E64 /* FirebaseDynamicLinks in Frameworks */,
				784F85A92CBFD0D900407E64 /* FirebaseAppCheck in Frameworks */,
				784F85AD2CBFD0D900407E64 /* FirebaseAuth in Frameworks */,
				784F85A32CBFD0D900407E64 /* FirebaseAnalytics in Frameworks */,
				784F85B92CBFD0D900407E64 /* FirebaseFirestore in Frameworks */,
				784F85C72CBFD0D900407E64 /* FirebaseMessaging in Frameworks */,
				784F85C32CBFD0D900407E64 /* FirebaseInstallations in Frameworks */,
				784F85BF2CBFD0D900407E64 /* FirebaseFunctionsCombine-Community in Frameworks */,
				784F85AB2CBFD0D900407E64 /* FirebaseAppDistribution-Beta in Frameworks */,
				784F85A72CBFD0D900407E64 /* FirebaseAnalyticsWithoutAdIdSupport in Frameworks */,
				784F85C12CBFD0D900407E64 /* FirebaseInAppMessaging-Beta in Frameworks */,
				784F85AF2CBFD0D900407E64 /* FirebaseAuthCombine-Community in Frameworks */,
				784F85B32CBFD0D900407E64 /* FirebaseCrashlytics in Frameworks */,
				784F85C52CBFD0D900407E64 /* FirebaseMLModelDownloader in Frameworks */,
				784F85CD2CBFD0D900407E64 /* FirebaseStorage in Frameworks */,
				784F85B12CBFD0D900407E64 /* FirebaseCore in Frameworks */,
				784F85A52CBFD0D900407E64 /* FirebaseAnalyticsOnDeviceConversion in Frameworks */,
			);
			runOnlyForDeploymentPostprocessing = 0;
		};
/* End PBXFrameworksBuildPhase section */

/* Begin PBXGroup section */
		780F5DA72CB02DD100DB59DC /* PetDetails */ = {
			isa = PBXGroup;
			children = (
				780F5DA82CB02E1300DB59DC /* PetDetailsViewController.swift */,
			);
			path = PetDetails;
			sourceTree = "<group>";
		};
		780F5DAA2CB0464D00DB59DC /* Profile */ = {
			isa = PBXGroup;
			children = (
				780F5DAB2CB0465C00DB59DC /* ProfileViewController.swift */,
			);
			path = Profile;
			sourceTree = "<group>";
		};
		784BFE5A2C99D6D8007ABDCA /* TableViewConfiguration */ = {
			isa = PBXGroup;
			children = (
				784BFE5B2C99D6EC007ABDCA /* SettingsTableView */,
			);
			path = TableViewConfiguration;
			sourceTree = "<group>";
		};
		784BFE5B2C99D6EC007ABDCA /* SettingsTableView */ = {
			isa = PBXGroup;
			children = (
				784BFE5C2C99D7FA007ABDCA /* SettingsTableViewCell.swift */,
				784BFE5F2C99DA21007ABDCA /* Category.swift */,
			);
			path = SettingsTableView;
			sourceTree = "<group>";
		};
		788D2C592CAEEE3800C7FE1A /* StackViewContainers */ = {
			isa = PBXGroup;
			children = (
				788D2C5D2CAEF16800C7FE1A /* FirstContainer */,
				788D2C5A2CAEEE4400C7FE1A /* SecondContainer */,
				788D2C602CAEF2AC00C7FE1A /* ThirdContainer */,
			);
			path = StackViewContainers;
			sourceTree = "<group>";
		};
		788D2C5A2CAEEE4400C7FE1A /* SecondContainer */ = {
			isa = PBXGroup;
			children = (
				788D2C5B2CAEEE6300C7FE1A /* SecondContainer.swift */,
			);
			path = SecondContainer;
			sourceTree = "<group>";
		};
		788D2C5D2CAEF16800C7FE1A /* FirstContainer */ = {
			isa = PBXGroup;
			children = (
				788D2C5E2CAEF18200C7FE1A /* FirstContainer.swift */,
			);
			path = FirstContainer;
			sourceTree = "<group>";
		};
		788D2C602CAEF2AC00C7FE1A /* ThirdContainer */ = {
			isa = PBXGroup;
			children = (
				788D2C612CAEF2D600C7FE1A /* ThirdContainer.swift */,
			);
			path = ThirdContainer;
			sourceTree = "<group>";
		};
		789159F62CAC4CF000EF6D61 /* Cards */ = {
			isa = PBXGroup;
			children = (
				789159F72CAC4CFE00EF6D61 /* SecondContainerCards */,
			);
			path = Cards;
			sourceTree = "<group>";
		};
		789159F72CAC4CFE00EF6D61 /* SecondContainerCards */ = {
			isa = PBXGroup;
			children = (
				789159F82CAC4D3500EF6D61 /* SecondContainerCards.swift */,
			);
			path = SecondContainerCards;
			sourceTree = "<group>";
		};
		78F897CA2CB825A500066017 /* PetRegister */ = {
			isa = PBXGroup;
			children = (
				78F897CB2CB825EE00066017 /* PetRegisterViewController.swift */,
			);
			path = PetRegister;
			sourceTree = "<group>";
		};
		78F897CD2CB827CD00066017 /* ImageController */ = {
			isa = PBXGroup;
			children = (
				78F897CE2CB8281100066017 /* ImagePickerController.swift */,
			);
			path = ImageController;
			sourceTree = "<group>";
		};
		DC022CE22C88A59D00F64A6A /* Login */ = {
			isa = PBXGroup;
			children = (
				DC022CE32C88A5BA00F64A6A /* LoginViewController.swift */,
				78EEB8442CC018D000BCEB3A /* LoginExtension.swift */,
			);
			path = Login;
			sourceTree = "<group>";
		};
		DC2637ED2C8F3B99004B8EB2 /* FindYourPet */ = {
			isa = PBXGroup;
			children = (
				DC2637F12C8F3C0C004B8EB2 /* FindYourPetViewController.swift */,
			);
			path = FindYourPet;
			sourceTree = "<group>";
		};
		DC2637EE2C8F3BAA004B8EB2 /* Chat */ = {
			isa = PBXGroup;
			children = (
				DC2637F32C8F3C24004B8EB2 /* ChatsViewController.swift */,
			);
			path = Chat;
			sourceTree = "<group>";
		};
		DC2637EF2C8F3BBA004B8EB2 /* Favorites */ = {
			isa = PBXGroup;
			children = (
				DC2637F52C8F3C31004B8EB2 /* FavoritesViewController.swift */,
			);
			path = Favorites;
			sourceTree = "<group>";
		};
		DC2637F02C8F3BC5004B8EB2 /* Settings */ = {
			isa = PBXGroup;
			children = (
				DC2637F72C8F3C3C004B8EB2 /* SettingsViewController.swift */,
			);
			path = Settings;
			sourceTree = "<group>";
		};
		DC2637FB2C8F46D8004B8EB2 /* FindPetsCollectionViewConfiguration */ = {
			isa = PBXGroup;
			children = (
				DC2637FC2C8F46FE004B8EB2 /* FindPetCollectionViewCell.swift */,
				DC2637FE2C8F49A0004B8EB2 /* FindPetsCustomView.swift */,
			);
			path = FindPetsCollectionViewConfiguration;
			sourceTree = "<group>";
		};
		DC2638002C8F508B004B8EB2 /* FavoritesCollectionViewController */ = {
			isa = PBXGroup;
			children = (
				DC2638012C8F50AC004B8EB2 /* FavoritesCollectionViewCell.swift */,
				DC2638032C8F50C6004B8EB2 /* FavoritesCustomView.swift */,
			);
			path = FavoritesCollectionViewController;
			sourceTree = "<group>";
		};
		DC57AD892C89E646002470B5 /* Register */ = {
			isa = PBXGroup;
			children = (
				DC57AD8A2C89E65A002470B5 /* RegisterViewController.swift */,
				78EEB8422CC00EF300BCEB3A /* RegisterExtension.swift */,
			);
			path = Register;
			sourceTree = "<group>";
		};
		DC57AD8C2C8A04C7002470B5 /* Components */ = {
			isa = PBXGroup;
			children = (
				78F897CD2CB827CD00066017 /* ImageController */,
				788D2C592CAEEE3800C7FE1A /* StackViewContainers */,
				789159F62CAC4CF000EF6D61 /* Cards */,
				DC57AD8D2C8A04D6002470B5 /* Header */,
			);
			path = Components;
			sourceTree = "<group>";
		};
		DC57AD8D2C8A04D6002470B5 /* Header */ = {
			isa = PBXGroup;
			children = (
				DC57AD8E2C8A04E5002470B5 /* HeaderComponent.swift */,
			);
			path = Header;
			sourceTree = "<group>";
		};
		DC57AD912C8A06E8002470B5 /* CollectionViewConfiguration */ = {
			isa = PBXGroup;
			children = (
				DCCC5DC72C91DDF8004D8FB0 /* ChatsCollectionViewController */,
				DC2638002C8F508B004B8EB2 /* FavoritesCollectionViewController */,
				DC2637FB2C8F46D8004B8EB2 /* FindPetsCollectionViewConfiguration */,
			);
			path = CollectionViewConfiguration;
			sourceTree = "<group>";
		};
		DCCC5DC72C91DDF8004D8FB0 /* ChatsCollectionViewController */ = {
			isa = PBXGroup;
			children = (
				DCCC5DC82C91DE28004D8FB0 /* ChatsCollectionViewCell.swift */,
				DCCC5DCA2C91DE4B004D8FB0 /* ChatsCustomView.swift */,
			);
			path = ChatsCollectionViewController;
			sourceTree = "<group>";
		};
		DCF06A7E2C860142001A1506 = {
			isa = PBXGroup;
			children = (
				DCF06A892C860142001A1506 /* ProjetoHelpPets */,
				DCF06A882C860142001A1506 /* Products */,
			);
			sourceTree = "<group>";
		};
		DCF06A882C860142001A1506 /* Products */ = {
			isa = PBXGroup;
			children = (
				DCF06A872C860142001A1506 /* ProjetoHelpPets.app */,
			);
			name = Products;
			sourceTree = "<group>";
		};
		DCF06A892C860142001A1506 /* ProjetoHelpPets */ = {
			isa = PBXGroup;
			children = (
				784BFE5A2C99D6D8007ABDCA /* TableViewConfiguration */,
				DC57AD912C8A06E8002470B5 /* CollectionViewConfiguration */,
				DC57AD8C2C8A04C7002470B5 /* Components */,
				DCF06AA02C86024E001A1506 /* TabBarController */,
				DCF06A9E2C860236001A1506 /* Screens */,
				DCF06A8A2C860142001A1506 /* AppDelegate.swift */,
				DCF06A8C2C860142001A1506 /* SceneDelegate.swift */,
				DCF06A932C860143001A1506 /* Assets.xcassets */,
				DCF06A952C860143001A1506 /* LaunchScreen.storyboard */,
				DCF06A982C860143001A1506 /* Info.plist */,
				784F859F2CBFCF2200407E64 /* GoogleService-Info.plist */,
			);
			path = ProjetoHelpPets;
			sourceTree = "<group>";
		};
		DCF06A9E2C860236001A1506 /* Screens */ = {
			isa = PBXGroup;
			children = (
				78F897CA2CB825A500066017 /* PetRegister */,
				780F5DAA2CB0464D00DB59DC /* Profile */,
				780F5DA72CB02DD100DB59DC /* PetDetails */,
				DC2637F02C8F3BC5004B8EB2 /* Settings */,
				DC2637EF2C8F3BBA004B8EB2 /* Favorites */,
				DC2637EE2C8F3BAA004B8EB2 /* Chat */,
				DC2637ED2C8F3B99004B8EB2 /* FindYourPet */,
				DC57AD892C89E646002470B5 /* Register */,
				DC022CE22C88A59D00F64A6A /* Login */,
				DCF06A9F2C860241001A1506 /* Home */,
			);
			path = Screens;
			sourceTree = "<group>";
		};
		DCF06A9F2C860241001A1506 /* Home */ = {
			isa = PBXGroup;
			children = (
				DCF06AA32C860806001A1506 /* HomeViewController.swift */,
			);
			path = Home;
			sourceTree = "<group>";
		};
		DCF06AA02C86024E001A1506 /* TabBarController */ = {
			isa = PBXGroup;
			children = (
				DCF06AA22C860271001A1506 /* TabBar */,
			);
			path = TabBarController;
			sourceTree = "<group>";
		};
		DCF06AA22C860271001A1506 /* TabBar */ = {
			isa = PBXGroup;
			children = (
				DCF06AA52C860851001A1506 /* TabBarController.swift */,
			);
			path = TabBar;
			sourceTree = "<group>";
		};
/* End PBXGroup section */

/* Begin PBXNativeTarget section */
		DCF06A862C860142001A1506 /* ProjetoHelpPets */ = {
			isa = PBXNativeTarget;
			buildConfigurationList = DCF06A9B2C860144001A1506 /* Build configuration list for PBXNativeTarget "ProjetoHelpPets" */;
			buildPhases = (
				DCF06A832C860142001A1506 /* Sources */,
				DCF06A842C860142001A1506 /* Frameworks */,
				DCF06A852C860142001A1506 /* Resources */,
			);
			buildRules = (
			);
			dependencies = (
			);
			name = ProjetoHelpPets;
			packageProductDependencies = (
				784F85A22CBFD0D900407E64 /* FirebaseAnalytics */,
				784F85A42CBFD0D900407E64 /* FirebaseAnalyticsOnDeviceConversion */,
				784F85A62CBFD0D900407E64 /* FirebaseAnalyticsWithoutAdIdSupport */,
				784F85A82CBFD0D900407E64 /* FirebaseAppCheck */,
				784F85AA2CBFD0D900407E64 /* FirebaseAppDistribution-Beta */,
				784F85AC2CBFD0D900407E64 /* FirebaseAuth */,
				784F85AE2CBFD0D900407E64 /* FirebaseAuthCombine-Community */,
				784F85B02CBFD0D900407E64 /* FirebaseCore */,
				784F85B22CBFD0D900407E64 /* FirebaseCrashlytics */,
				784F85B42CBFD0D900407E64 /* FirebaseDatabase */,
				784F85B62CBFD0D900407E64 /* FirebaseDynamicLinks */,
				784F85B82CBFD0D900407E64 /* FirebaseFirestore */,
				784F85BA2CBFD0D900407E64 /* FirebaseFirestoreCombine-Community */,
				784F85BC2CBFD0D900407E64 /* FirebaseFunctions */,
				784F85BE2CBFD0D900407E64 /* FirebaseFunctionsCombine-Community */,
				784F85C02CBFD0D900407E64 /* FirebaseInAppMessaging-Beta */,
				784F85C22CBFD0D900407E64 /* FirebaseInstallations */,
				784F85C42CBFD0D900407E64 /* FirebaseMLModelDownloader */,
				784F85C62CBFD0D900407E64 /* FirebaseMessaging */,
				784F85C82CBFD0D900407E64 /* FirebasePerformance */,
				784F85CA2CBFD0D900407E64 /* FirebaseRemoteConfig */,
				784F85CC2CBFD0D900407E64 /* FirebaseStorage */,
				784F85CE2CBFD0D900407E64 /* FirebaseStorageCombine-Community */,
				784F85D02CBFD0D900407E64 /* FirebaseVertexAI-Preview */,
			);
			productName = ProjetoFodaseDeSouza;
			productReference = DCF06A872C860142001A1506 /* ProjetoHelpPets.app */;
			productType = "com.apple.product-type.application";
		};
/* End PBXNativeTarget section */

/* Begin PBXProject section */
		DCF06A7F2C860142001A1506 /* Project object */ = {
			isa = PBXProject;
			attributes = {
				BuildIndependentTargetsInParallel = 1;
				LastSwiftUpdateCheck = 1420;
				LastUpgradeCheck = 1520;
				TargetAttributes = {
					DCF06A862C860142001A1506 = {
						CreatedOnToolsVersion = 14.2;
					};
				};
			};
			buildConfigurationList = DCF06A822C860142001A1506 /* Build configuration list for PBXProject "ProjetoHelpPets" */;
			compatibilityVersion = "Xcode 14.0";
			developmentRegion = en;
			hasScannedForEncodings = 0;
			knownRegions = (
				en,
				Base,
			);
			mainGroup = DCF06A7E2C860142001A1506;
			packageReferences = (
				784F85A12CBFD0D900407E64 /* XCRemoteSwiftPackageReference "firebase-ios-sdk" */,
			);
			productRefGroup = DCF06A882C860142001A1506 /* Products */;
			projectDirPath = "";
			projectRoot = "";
			targets = (
				DCF06A862C860142001A1506 /* ProjetoHelpPets */,
			);
		};
/* End PBXProject section */

/* Begin PBXResourcesBuildPhase section */
		DCF06A852C860142001A1506 /* Resources */ = {
			isa = PBXResourcesBuildPhase;
			buildActionMask = 2147483647;
			files = (
				DCF06A972C860143001A1506 /* LaunchScreen.storyboard in Resources */,
				DCF06A942C860143001A1506 /* Assets.xcassets in Resources */,
				784F85A02CBFCF2200407E64 /* GoogleService-Info.plist in Resources */,
			);
			runOnlyForDeploymentPostprocessing = 0;
		};
/* End PBXResourcesBuildPhase section */

/* Begin PBXSourcesBuildPhase section */
		DCF06A832C860142001A1506 /* Sources */ = {
			isa = PBXSourcesBuildPhase;
			buildActionMask = 2147483647;
			files = (
				DC2638042C8F50C6004B8EB2 /* FavoritesCustomView.swift in Sources */,
				DC2638022C8F50AC004B8EB2 /* FavoritesCollectionViewCell.swift in Sources */,
				784BFE602C99DA21007ABDCA /* Category.swift in Sources */,
				784BFE5D2C99D7FA007ABDCA /* SettingsTableViewCell.swift in Sources */,
				DCCC5DC92C91DE28004D8FB0 /* ChatsCollectionViewCell.swift in Sources */,
				DCF06A8B2C860142001A1506 /* AppDelegate.swift in Sources */,
				DC57AD8F2C8A04E5002470B5 /* HeaderComponent.swift in Sources */,
				780F5DA92CB02E1300DB59DC /* PetDetailsViewController.swift in Sources */,
				DC2637F82C8F3C3C004B8EB2 /* SettingsViewController.swift in Sources */,
				788D2C5C2CAEEE6300C7FE1A /* SecondContainer.swift in Sources */,
				78F897CF2CB8281100066017 /* ImagePickerController.swift in Sources */,
				DC2637F22C8F3C0C004B8EB2 /* FindYourPetViewController.swift in Sources */,
				78F897CC2CB825EE00066017 /* PetRegisterViewController.swift in Sources */,
				78EEB8452CC018D000BCEB3A /* LoginExtension.swift in Sources */,
				DCCC5DCB2C91DE4B004D8FB0 /* ChatsCustomView.swift in Sources */,
				DCF06AA62C860851001A1506 /* TabBarController.swift in Sources */,
				DCF06A8D2C860142001A1506 /* SceneDelegate.swift in Sources */,
				DC2637FF2C8F49A0004B8EB2 /* FindPetsCustomView.swift in Sources */,
				789159F92CAC4D3500EF6D61 /* SecondContainerCards.swift in Sources */,
				DC57AD8B2C89E65A002470B5 /* RegisterViewController.swift in Sources */,
				DC022CE42C88A5BA00F64A6A /* LoginViewController.swift in Sources */,
				DC2637F42C8F3C24004B8EB2 /* ChatsViewController.swift in Sources */,
				788D2C622CAEF2D600C7FE1A /* ThirdContainer.swift in Sources */,
				DC2637F62C8F3C31004B8EB2 /* FavoritesViewController.swift in Sources */,
				DCF06AA42C860806001A1506 /* HomeViewController.swift in Sources */,
				78EEB8432CC00EF300BCEB3A /* RegisterExtension.swift in Sources */,
				780F5DAC2CB0465C00DB59DC /* ProfileViewController.swift in Sources */,
				788D2C5F2CAEF18200C7FE1A /* FirstContainer.swift in Sources */,
				DC2637FD2C8F46FE004B8EB2 /* FindPetCollectionViewCell.swift in Sources */,
			);
			runOnlyForDeploymentPostprocessing = 0;
		};
/* End PBXSourcesBuildPhase section */

/* Begin PBXVariantGroup section */
		DCF06A952C860143001A1506 /* LaunchScreen.storyboard */ = {
			isa = PBXVariantGroup;
			children = (
				DCF06A962C860143001A1506 /* Base */,
			);
			name = LaunchScreen.storyboard;
			sourceTree = "<group>";
		};
/* End PBXVariantGroup section */

/* Begin XCBuildConfiguration section */
		DCF06A992C860143001A1506 /* Debug */ = {
			isa = XCBuildConfiguration;
			buildSettings = {
				ALWAYS_SEARCH_USER_PATHS = NO;
				CLANG_ANALYZER_NONNULL = YES;
				CLANG_ANALYZER_NUMBER_OBJECT_CONVERSION = YES_AGGRESSIVE;
				CLANG_CXX_LANGUAGE_STANDARD = "gnu++20";
				CLANG_ENABLE_MODULES = YES;
				CLANG_ENABLE_OBJC_ARC = YES;
				CLANG_ENABLE_OBJC_WEAK = YES;
				CLANG_WARN_BLOCK_CAPTURE_AUTORELEASING = YES;
				CLANG_WARN_BOOL_CONVERSION = YES;
				CLANG_WARN_COMMA = YES;
				CLANG_WARN_CONSTANT_CONVERSION = YES;
				CLANG_WARN_DEPRECATED_OBJC_IMPLEMENTATIONS = YES;
				CLANG_WARN_DIRECT_OBJC_ISA_USAGE = YES_ERROR;
				CLANG_WARN_DOCUMENTATION_COMMENTS = YES;
				CLANG_WARN_EMPTY_BODY = YES;
				CLANG_WARN_ENUM_CONVERSION = YES;
				CLANG_WARN_INFINITE_RECURSION = YES;
				CLANG_WARN_INT_CONVERSION = YES;
				CLANG_WARN_NON_LITERAL_NULL_CONVERSION = YES;
				CLANG_WARN_OBJC_IMPLICIT_RETAIN_SELF = YES;
				CLANG_WARN_OBJC_LITERAL_CONVERSION = YES;
				CLANG_WARN_OBJC_ROOT_CLASS = YES_ERROR;
				CLANG_WARN_QUOTED_INCLUDE_IN_FRAMEWORK_HEADER = YES;
				CLANG_WARN_RANGE_LOOP_ANALYSIS = YES;
				CLANG_WARN_STRICT_PROTOTYPES = YES;
				CLANG_WARN_SUSPICIOUS_MOVE = YES;
				CLANG_WARN_UNGUARDED_AVAILABILITY = YES_AGGRESSIVE;
				CLANG_WARN_UNREACHABLE_CODE = YES;
				CLANG_WARN__DUPLICATE_METHOD_MATCH = YES;
				COPY_PHASE_STRIP = NO;
				DEBUG_INFORMATION_FORMAT = dwarf;
				ENABLE_STRICT_OBJC_MSGSEND = YES;
				ENABLE_TESTABILITY = YES;
				ENABLE_USER_SCRIPT_SANDBOXING = YES;
				GCC_C_LANGUAGE_STANDARD = gnu11;
				GCC_DYNAMIC_NO_PIC = NO;
				GCC_NO_COMMON_BLOCKS = YES;
				GCC_OPTIMIZATION_LEVEL = 0;
				GCC_PREPROCESSOR_DEFINITIONS = (
					"DEBUG=1",
					"$(inherited)",
				);
				GCC_WARN_64_TO_32_BIT_CONVERSION = YES;
				GCC_WARN_ABOUT_RETURN_TYPE = YES_ERROR;
				GCC_WARN_UNDECLARED_SELECTOR = YES;
				GCC_WARN_UNINITIALIZED_AUTOS = YES_AGGRESSIVE;
				GCC_WARN_UNUSED_FUNCTION = YES;
				GCC_WARN_UNUSED_VARIABLE = YES;
				IPHONEOS_DEPLOYMENT_TARGET = 16.2;
				MTL_ENABLE_DEBUG_INFO = INCLUDE_SOURCE;
				MTL_FAST_MATH = YES;
				ONLY_ACTIVE_ARCH = YES;
				SDKROOT = iphoneos;
				SWIFT_ACTIVE_COMPILATION_CONDITIONS = DEBUG;
				SWIFT_OPTIMIZATION_LEVEL = "-Onone";
			};
			name = Debug;
		};
		DCF06A9A2C860144001A1506 /* Release */ = {
			isa = XCBuildConfiguration;
			buildSettings = {
				ALWAYS_SEARCH_USER_PATHS = NO;
				CLANG_ANALYZER_NONNULL = YES;
				CLANG_ANALYZER_NUMBER_OBJECT_CONVERSION = YES_AGGRESSIVE;
				CLANG_CXX_LANGUAGE_STANDARD = "gnu++20";
				CLANG_ENABLE_MODULES = YES;
				CLANG_ENABLE_OBJC_ARC = YES;
				CLANG_ENABLE_OBJC_WEAK = YES;
				CLANG_WARN_BLOCK_CAPTURE_AUTORELEASING = YES;
				CLANG_WARN_BOOL_CONVERSION = YES;
				CLANG_WARN_COMMA = YES;
				CLANG_WARN_CONSTANT_CONVERSION = YES;
				CLANG_WARN_DEPRECATED_OBJC_IMPLEMENTATIONS = YES;
				CLANG_WARN_DIRECT_OBJC_ISA_USAGE = YES_ERROR;
				CLANG_WARN_DOCUMENTATION_COMMENTS = YES;
				CLANG_WARN_EMPTY_BODY = YES;
				CLANG_WARN_ENUM_CONVERSION = YES;
				CLANG_WARN_INFINITE_RECURSION = YES;
				CLANG_WARN_INT_CONVERSION = YES;
				CLANG_WARN_NON_LITERAL_NULL_CONVERSION = YES;
				CLANG_WARN_OBJC_IMPLICIT_RETAIN_SELF = YES;
				CLANG_WARN_OBJC_LITERAL_CONVERSION = YES;
				CLANG_WARN_OBJC_ROOT_CLASS = YES_ERROR;
				CLANG_WARN_QUOTED_INCLUDE_IN_FRAMEWORK_HEADER = YES;
				CLANG_WARN_RANGE_LOOP_ANALYSIS = YES;
				CLANG_WARN_STRICT_PROTOTYPES = YES;
				CLANG_WARN_SUSPICIOUS_MOVE = YES;
				CLANG_WARN_UNGUARDED_AVAILABILITY = YES_AGGRESSIVE;
				CLANG_WARN_UNREACHABLE_CODE = YES;
				CLANG_WARN__DUPLICATE_METHOD_MATCH = YES;
				COPY_PHASE_STRIP = NO;
				DEBUG_INFORMATION_FORMAT = "dwarf-with-dsym";
				ENABLE_NS_ASSERTIONS = NO;
				ENABLE_STRICT_OBJC_MSGSEND = YES;
				ENABLE_USER_SCRIPT_SANDBOXING = YES;
				GCC_C_LANGUAGE_STANDARD = gnu11;
				GCC_NO_COMMON_BLOCKS = YES;
				GCC_WARN_64_TO_32_BIT_CONVERSION = YES;
				GCC_WARN_ABOUT_RETURN_TYPE = YES_ERROR;
				GCC_WARN_UNDECLARED_SELECTOR = YES;
				GCC_WARN_UNINITIALIZED_AUTOS = YES_AGGRESSIVE;
				GCC_WARN_UNUSED_FUNCTION = YES;
				GCC_WARN_UNUSED_VARIABLE = YES;
				IPHONEOS_DEPLOYMENT_TARGET = 16.2;
				MTL_ENABLE_DEBUG_INFO = NO;
				MTL_FAST_MATH = YES;
				SDKROOT = iphoneos;
				SWIFT_COMPILATION_MODE = wholemodule;
				SWIFT_OPTIMIZATION_LEVEL = "-O";
				VALIDATE_PRODUCT = YES;
			};
			name = Release;
		};
		DCF06A9C2C860144001A1506 /* Debug */ = {
			isa = XCBuildConfiguration;
			buildSettings = {
				ASSETCATALOG_COMPILER_APPICON_NAME = AppIcon;
				ASSETCATALOG_COMPILER_GLOBAL_ACCENT_COLOR_NAME = AccentColor;
				CODE_SIGN_STYLE = Automatic;
				CURRENT_PROJECT_VERSION = 1;
				GENERATE_INFOPLIST_FILE = YES;
				INFOPLIST_FILE = ProjetoHelpPets/Info.plist;
				INFOPLIST_KEY_CFBundleDisplayName = "Help Pets";
				INFOPLIST_KEY_NSCameraUsageDescription = "Vamos tirar a melhor foto de todas?";
				INFOPLIST_KEY_NSPhotoLibraryUsageDescription = "Qual a sua melhor imagem?";
				INFOPLIST_KEY_UIApplicationSupportsIndirectInputEvents = YES;
				INFOPLIST_KEY_UILaunchStoryboardName = LaunchScreen;
				INFOPLIST_KEY_UISupportedInterfaceOrientations = UIInterfaceOrientationPortrait;
				LD_RUNPATH_SEARCH_PATHS = (
					"$(inherited)",
					"@executable_path/Frameworks",
				);
				MARKETING_VERSION = 1.0;
				PRODUCT_BUNDLE_IDENTIFIER = com.cotemig.ProjetoHelpPets;
				PRODUCT_NAME = "$(TARGET_NAME)";
				SUPPORTED_PLATFORMS = "iphoneos iphonesimulator";
				SUPPORTS_MACCATALYST = NO;
				SUPPORTS_MAC_DESIGNED_FOR_IPHONE_IPAD = NO;
				SUPPORTS_XR_DESIGNED_FOR_IPHONE_IPAD = NO;
				SWIFT_EMIT_LOC_STRINGS = YES;
				SWIFT_VERSION = 5.0;
				TARGETED_DEVICE_FAMILY = "1,2";
			};
			name = Debug;
		};
		DCF06A9D2C860144001A1506 /* Release */ = {
			isa = XCBuildConfiguration;
			buildSettings = {
				ASSETCATALOG_COMPILER_APPICON_NAME = AppIcon;
				ASSETCATALOG_COMPILER_GLOBAL_ACCENT_COLOR_NAME = AccentColor;
				CODE_SIGN_STYLE = Automatic;
				CURRENT_PROJECT_VERSION = 1;
				GENERATE_INFOPLIST_FILE = YES;
				INFOPLIST_FILE = ProjetoHelpPets/Info.plist;
				INFOPLIST_KEY_CFBundleDisplayName = "Help Pets";
				INFOPLIST_KEY_NSCameraUsageDescription = "Vamos tirar a melhor foto de todas?";
				INFOPLIST_KEY_NSPhotoLibraryUsageDescription = "Qual a sua melhor imagem?";
				INFOPLIST_KEY_UIApplicationSupportsIndirectInputEvents = YES;
				INFOPLIST_KEY_UILaunchStoryboardName = LaunchScreen;
				INFOPLIST_KEY_UISupportedInterfaceOrientations = UIInterfaceOrientationPortrait;
				LD_RUNPATH_SEARCH_PATHS = (
					"$(inherited)",
					"@executable_path/Frameworks",
				);
				MARKETING_VERSION = 1.0;
				PRODUCT_BUNDLE_IDENTIFIER = com.cotemig.ProjetoHelpPets;
				PRODUCT_NAME = "$(TARGET_NAME)";
				SUPPORTED_PLATFORMS = "iphoneos iphonesimulator";
				SUPPORTS_MACCATALYST = NO;
				SUPPORTS_MAC_DESIGNED_FOR_IPHONE_IPAD = NO;
				SUPPORTS_XR_DESIGNED_FOR_IPHONE_IPAD = NO;
				SWIFT_EMIT_LOC_STRINGS = YES;
				SWIFT_VERSION = 5.0;
				TARGETED_DEVICE_FAMILY = "1,2";
			};
			name = Release;
		};
/* End XCBuildConfiguration section */

/* Begin XCConfigurationList section */
		DCF06A822C860142001A1506 /* Build configuration list for PBXProject "ProjetoHelpPets" */ = {
			isa = XCConfigurationList;
			buildConfigurations = (
				DCF06A992C860143001A1506 /* Debug */,
				DCF06A9A2C860144001A1506 /* Release */,
			);
			defaultConfigurationIsVisible = 0;
			defaultConfigurationName = Release;
		};
		DCF06A9B2C860144001A1506 /* Build configuration list for PBXNativeTarget "ProjetoHelpPets" */ = {
			isa = XCConfigurationList;
			buildConfigurations = (
				DCF06A9C2C860144001A1506 /* Debug */,
				DCF06A9D2C860144001A1506 /* Release */,
			);
			defaultConfigurationIsVisible = 0;
			defaultConfigurationName = Release;
		};
/* End XCConfigurationList section */

/* Begin XCRemoteSwiftPackageReference section */
		784F85A12CBFD0D900407E64 /* XCRemoteSwiftPackageReference "firebase-ios-sdk" */ = {
			isa = XCRemoteSwiftPackageReference;
			repositoryURL = "https://github.com/firebase/firebase-ios-sdk";
			requirement = {
				kind = upToNextMajorVersion;
				minimumVersion = 11.3.0;
			};
		};
/* End XCRemoteSwiftPackageReference section */

/* Begin XCSwiftPackageProductDependency section */
		784F85A22CBFD0D900407E64 /* FirebaseAnalytics */ = {
			isa = XCSwiftPackageProductDependency;
			package = 784F85A12CBFD0D900407E64 /* XCRemoteSwiftPackageReference "firebase-ios-sdk" */;
			productName = FirebaseAnalytics;
		};
		784F85A42CBFD0D900407E64 /* FirebaseAnalyticsOnDeviceConversion */ = {
			isa = XCSwiftPackageProductDependency;
			package = 784F85A12CBFD0D900407E64 /* XCRemoteSwiftPackageReference "firebase-ios-sdk" */;
			productName = FirebaseAnalyticsOnDeviceConversion;
		};
		784F85A62CBFD0D900407E64 /* FirebaseAnalyticsWithoutAdIdSupport */ = {
			isa = XCSwiftPackageProductDependency;
			package = 784F85A12CBFD0D900407E64 /* XCRemoteSwiftPackageReference "firebase-ios-sdk" */;
			productName = FirebaseAnalyticsWithoutAdIdSupport;
		};
		784F85A82CBFD0D900407E64 /* FirebaseAppCheck */ = {
			isa = XCSwiftPackageProductDependency;
			package = 784F85A12CBFD0D900407E64 /* XCRemoteSwiftPackageReference "firebase-ios-sdk" */;
			productName = FirebaseAppCheck;
		};
		784F85AA2CBFD0D900407E64 /* FirebaseAppDistribution-Beta */ = {
			isa = XCSwiftPackageProductDependency;
			package = 784F85A12CBFD0D900407E64 /* XCRemoteSwiftPackageReference "firebase-ios-sdk" */;
			productName = "FirebaseAppDistribution-Beta";
		};
		784F85AC2CBFD0D900407E64 /* FirebaseAuth */ = {
			isa = XCSwiftPackageProductDependency;
			package = 784F85A12CBFD0D900407E64 /* XCRemoteSwiftPackageReference "firebase-ios-sdk" */;
			productName = FirebaseAuth;
		};
		784F85AE2CBFD0D900407E64 /* FirebaseAuthCombine-Community */ = {
			isa = XCSwiftPackageProductDependency;
			package = 784F85A12CBFD0D900407E64 /* XCRemoteSwiftPackageReference "firebase-ios-sdk" */;
			productName = "FirebaseAuthCombine-Community";
		};
		784F85B02CBFD0D900407E64 /* FirebaseCore */ = {
			isa = XCSwiftPackageProductDependency;
			package = 784F85A12CBFD0D900407E64 /* XCRemoteSwiftPackageReference "firebase-ios-sdk" */;
			productName = FirebaseCore;
		};
		784F85B22CBFD0D900407E64 /* FirebaseCrashlytics */ = {
			isa = XCSwiftPackageProductDependency;
			package = 784F85A12CBFD0D900407E64 /* XCRemoteSwiftPackageReference "firebase-ios-sdk" */;
			productName = FirebaseCrashlytics;
		};
		784F85B42CBFD0D900407E64 /* FirebaseDatabase */ = {
			isa = XCSwiftPackageProductDependency;
			package = 784F85A12CBFD0D900407E64 /* XCRemoteSwiftPackageReference "firebase-ios-sdk" */;
			productName = FirebaseDatabase;
		};
		784F85B62CBFD0D900407E64 /* FirebaseDynamicLinks */ = {
			isa = XCSwiftPackageProductDependency;
			package = 784F85A12CBFD0D900407E64 /* XCRemoteSwiftPackageReference "firebase-ios-sdk" */;
			productName = FirebaseDynamicLinks;
		};
		784F85B82CBFD0D900407E64 /* FirebaseFirestore */ = {
			isa = XCSwiftPackageProductDependency;
			package = 784F85A12CBFD0D900407E64 /* XCRemoteSwiftPackageReference "firebase-ios-sdk" */;
			productName = FirebaseFirestore;
		};
		784F85BA2CBFD0D900407E64 /* FirebaseFirestoreCombine-Community */ = {
			isa = XCSwiftPackageProductDependency;
			package = 784F85A12CBFD0D900407E64 /* XCRemoteSwiftPackageReference "firebase-ios-sdk" */;
			productName = "FirebaseFirestoreCombine-Community";
		};
		784F85BC2CBFD0D900407E64 /* FirebaseFunctions */ = {
			isa = XCSwiftPackageProductDependency;
			package = 784F85A12CBFD0D900407E64 /* XCRemoteSwiftPackageReference "firebase-ios-sdk" */;
			productName = FirebaseFunctions;
		};
		784F85BE2CBFD0D900407E64 /* FirebaseFunctionsCombine-Community */ = {
			isa = XCSwiftPackageProductDependency;
			package = 784F85A12CBFD0D900407E64 /* XCRemoteSwiftPackageReference "firebase-ios-sdk" */;
			productName = "FirebaseFunctionsCombine-Community";
		};
		784F85C02CBFD0D900407E64 /* FirebaseInAppMessaging-Beta */ = {
			isa = XCSwiftPackageProductDependency;
			package = 784F85A12CBFD0D900407E64 /* XCRemoteSwiftPackageReference "firebase-ios-sdk" */;
			productName = "FirebaseInAppMessaging-Beta";
		};
		784F85C22CBFD0D900407E64 /* FirebaseInstallations */ = {
			isa = XCSwiftPackageProductDependency;
			package = 784F85A12CBFD0D900407E64 /* XCRemoteSwiftPackageReference "firebase-ios-sdk" */;
			productName = FirebaseInstallations;
		};
		784F85C42CBFD0D900407E64 /* FirebaseMLModelDownloader */ = {
			isa = XCSwiftPackageProductDependency;
			package = 784F85A12CBFD0D900407E64 /* XCRemoteSwiftPackageReference "firebase-ios-sdk" */;
			productName = FirebaseMLModelDownloader;
		};
		784F85C62CBFD0D900407E64 /* FirebaseMessaging */ = {
			isa = XCSwiftPackageProductDependency;
			package = 784F85A12CBFD0D900407E64 /* XCRemoteSwiftPackageReference "firebase-ios-sdk" */;
			productName = FirebaseMessaging;
		};
		784F85C82CBFD0D900407E64 /* FirebasePerformance */ = {
			isa = XCSwiftPackageProductDependency;
			package = 784F85A12CBFD0D900407E64 /* XCRemoteSwiftPackageReference "firebase-ios-sdk" */;
			productName = FirebasePerformance;
		};
		784F85CA2CBFD0D900407E64 /* FirebaseRemoteConfig */ = {
			isa = XCSwiftPackageProductDependency;
			package = 784F85A12CBFD0D900407E64 /* XCRemoteSwiftPackageReference "firebase-ios-sdk" */;
			productName = FirebaseRemoteConfig;
		};
		784F85CC2CBFD0D900407E64 /* FirebaseStorage */ = {
			isa = XCSwiftPackageProductDependency;
			package = 784F85A12CBFD0D900407E64 /* XCRemoteSwiftPackageReference "firebase-ios-sdk" */;
			productName = FirebaseStorage;
		};
		784F85CE2CBFD0D900407E64 /* FirebaseStorageCombine-Community */ = {
			isa = XCSwiftPackageProductDependency;
			package = 784F85A12CBFD0D900407E64 /* XCRemoteSwiftPackageReference "firebase-ios-sdk" */;
			productName = "FirebaseStorageCombine-Community";
		};
		784F85D02CBFD0D900407E64 /* FirebaseVertexAI-Preview */ = {
			isa = XCSwiftPackageProductDependency;
			package = 784F85A12CBFD0D900407E64 /* XCRemoteSwiftPackageReference "firebase-ios-sdk" */;
			productName = "FirebaseVertexAI-Preview";
		};
/* End XCSwiftPackageProductDependency section */
	};
	rootObject = DCF06A7F2C860142001A1506 /* Project object */;
}
